// !$*UTF8*$!
{
	archiveVersion = 1;
	classes = {
	};
	objectVersion = 48;
	objects = {

/* Begin PBXBuildFile section */
		8DCE186C2014822600EAFE70 /* AppDelegate.m in Sources */ = {isa = PBXBuildFile; fileRef = 8DCE186B2014822600EAFE70 /* AppDelegate.m */; };
		8DCE186F2014822600EAFE70 /* ViewController.m in Sources */ = {isa = PBXBuildFile; fileRef = 8DCE186E2014822600EAFE70 /* ViewController.m */; };
		8DCE18722014822700EAFE70 /* Main.storyboard in Resources */ = {isa = PBXBuildFile; fileRef = 8DCE18702014822700EAFE70 /* Main.storyboard */; };
		8DCE18742014822700EAFE70 /* Assets.xcassets in Resources */ = {isa = PBXBuildFile; fileRef = 8DCE18732014822700EAFE70 /* Assets.xcassets */; };
		8DCE18772014822700EAFE70 /* LaunchScreen.storyboard in Resources */ = {isa = PBXBuildFile; fileRef = 8DCE18752014822700EAFE70 /* LaunchScreen.storyboard */; };
		8DCE187A2014822700EAFE70 /* main.m in Sources */ = {isa = PBXBuildFile; fileRef = 8DCE18792014822700EAFE70 /* main.m */; };
/* End PBXBuildFile section */

/* Begin PBXFileReference section */
		8DCE18672014822600EAFE70 /* JJTableView_demo2.app */ = {isa = PBXFileReference; explicitFileType = wrapper.application; includeInIndex = 0; path = JJTableView_demo2.app; sourceTree = BUILT_PRODUCTS_DIR; };
		8DCE186A2014822600EAFE70 /* AppDelegate.h */ = {isa = PBXFileReference; lastKnownFileType = sourcecode.c.h; path = AppDelegate.h; sourceTree = "<group>"; };
		8DCE186B2014822600EAFE70 /* AppDelegate.m */ = {isa = PBXFileReference; lastKnownFileType = sourcecode.c.objc; path = AppDelegate.m; sourceTree = "<group>"; };
		8DCE186D2014822600EAFE70 /* ViewController.h */ = {isa = PBXFileReference; lastKnownFileType = sourcecode.c.h; path = ViewController.h; sourceTree = "<group>"; };
		8DCE186E2014822600EAFE70 /* ViewController.m */ = {isa = PBXFileReference; lastKnownFileType = sourcecode.c.objc; path = ViewController.m; sourceTree = "<group>"; };
		8DCE18712014822700EAFE70 /* Base */ = {isa = PBXFileReference; lastKnownFileType = file.storyboard; name = Base; path = Base.lproj/Main.storyboard; sourceTree = "<group>"; };
		8DCE18732014822700EAFE70 /* Assets.xcassets */ = {isa = PBXFileReference; lastKnownFileType = folder.assetcatalog; path = Assets.xcassets; sourceTree = "<group>"; };
		8DCE18762014822700EAFE70 /* Base */ = {isa = PBXFileReference; lastKnownFileType = file.storyboard; name = Base; path = Base.lproj/LaunchScreen.storyboard; sourceTree = "<group>"; };
		8DCE18782014822700EAFE70 /* Info.plist */ = {isa = PBXFileReference; lastKnownFileType = text.plist.xml; path = Info.plist; sourceTree = "<group>"; };
		8DCE18792014822700EAFE70 /* main.m */ = {isa = PBXFileReference; lastKnownFileType = sourcecode.c.objc; path = main.m; sourceTree = "<group>"; };
/* End PBXFileReference section */

/* Begin PBXFrameworksBuildPhase section */
		8DCE18642014822600EAFE70 /* Frameworks */ = {
			isa = PBXFrameworksBuildPhase;
			buildActionMask = 2147483647;
			files = (
			);
			runOnlyForDeploymentPostprocessing = 0;
		};
/* End PBXFrameworksBuildPhase section */

/* Begin PBXGroup section */
		8DCE185E2014822600EAFE70 = {
			isa = PBXGroup;
			children = (
				8DCE18692014822600EAFE70 /* JJTableView_demo2 */,
				8DCE18682014822600EAFE70 /* Products */,
			);
			sourceTree = "<group>";
		};
		8DCE18682014822600EAFE70 /* Products */ = {
			isa = PBXGroup;
			children = (
				8DCE18672014822600EAFE70 /* JJTableView_demo2.app */,
			);
			name = Products;
			sourceTree = "<group>";
		};
		8DCE18692014822600EAFE70 /* JJTableView_demo2 */ = {
			isa = PBXGroup;
			children = (
				8DCE186A2014822600EAFE70 /* AppDelegate.h */,
				8DCE186B2014822600EAFE70 /* AppDelegate.m */,
				8DCE186D2014822600EAFE70 /* ViewController.h */,
				8DCE186E2014822600EAFE70 /* ViewController.m */,
				8DCE18702014822700EAFE70 /* Main.storyboard */,
				8DCE18732014822700EAFE70 /* Assets.xcassets */,
				8DCE18752014822700EAFE70 /* LaunchScreen.storyboard */,
				8DCE18782014822700EAFE70 /* Info.plist */,
				8DCE18792014822700EAFE70 /* main.m */,
			);
			path = JJTableView_demo2;
			sourceTree = "<group>";
		};
/* End PBXGroup section */

/* Begin PBXNativeTarget section */
		8DCE18662014822600EAFE70 /* JJTableView_demo2 */ = {
			isa = PBXNativeTarget;
			buildConfigurationList = 8DCE187D2014822700EAFE70 /* Build configuration list for PBXNativeTarget "JJTableView_demo2" */;
			buildPhases = (
				8DCE18632014822600EAFE70 /* Sources */,
				8DCE18642014822600EAFE70 /* Frameworks */,
				8DCE18652014822600EAFE70 /* Resources */,
			);
			buildRules = (
			);
			dependencies = (
			);
			name = JJTableView_demo2;
			productName = JJTableView_demo2;
			productReference = 8DCE18672014822600EAFE70 /* JJTableView_demo2.app */;
			productType = "com.apple.product-type.application";
		};
/* End PBXNativeTarget section */

/* Begin PBXProject section */
		8DCE185F2014822600EAFE70 /* Project object */ = {
			isa = PBXProject;
			attributes = {
				LastUpgradeCheck = 0920;
				ORGANIZATIONNAME = com.daoKeLegend;
				TargetAttributes = {
					8DCE18662014822600EAFE70 = {
						CreatedOnToolsVersion = 9.2;
						ProvisioningStyle = Automatic;
					};
				};
			};
			buildConfigurationList = 8DCE18622014822600EAFE70 /* Build configuration list for PBXProject "JJTableView_demo2" */;
			compatibilityVersion = "Xcode 8.0";
			developmentRegion = en;
			hasScannedForEncodings = 0;
			knownRegions = (
				en,
				Base,
			);
			mainGroup = 8DCE185E2014822600EAFE70;
			productRefGroup = 8DCE18682014822600EAFE70 /* Products */;
			projectDirPath = "";
			projectRoot = "";
			targets = (
				8DCE18662014822600EAFE70 /* JJTableView_demo2 */,
			);
		};
/* End PBXProject section */

/* Begin PBXResourcesBuildPhase section */
		8DCE18652014822600EAFE70 /* Resources */ = {
			isa = PBXResourcesBuildPhase;
			buildActionMask = 2147483647;
			files = (
				8DCE18772014822700EAFE70 /* LaunchScreen.storyboard in Resources */,
				8DCE18742014822700EAFE70 /* Assets.xcassets in Resources */,
				8DCE18722014822700EAFE70 /* Main.storyboard in Resources */,
			);
			runOnlyForDeploymentPostprocessing = 0;
		};
/* End PBXResourcesBuildPhase section */

/* Begin PBXSourcesBuildPhase section */
		8DCE18632014822600EAFE70 /* Sources */ = {
			isa = PBXSourcesBuildPhase;
			buildActionMask = 2147483647;
			files = (
				8DCE186F2014822600EAFE70 /* ViewController.m in Sources */,
				8DCE187A2014822700EAFE70 /* main.m in Sources */,
				8DCE186C2014822600EAFE70 /* AppDelegate.m in Sources */,
			);
			runOnlyForDeploymentPostprocessing = 0;
		};
/* End PBXSourcesBuildPhase section */

/* Begin PBXVariantGroup section */
		8DCE18702014822700EAFE70 /* Main.storyboard */ = {
			isa = PBXVariantGroup;
			children = (
				8DCE18712014822700EAFE70 /* Base */,
			);
			name = Main.storyboard;
			sourceTree = "<group>";
		};
		8DCE18752014822700EAFE70 /* LaunchScreen.storyboard */ = {
			isa = PBXVariantGroup;
			children = (
				8DCE18762014822700EAFE70 /* Base */,
			);
			name = LaunchScreen.storyboard;
			sourceTree = "<group>";
		};
/* End PBXVariantGroup section */

/* Begin XCBuildConfiguration section */
		8DCE187B2014822700EAFE70 /* Debug */ = {
			isa = XCBuildConfiguration;
			buildSettings = {
				ALWAYS_SEARCH_USER_PATHS = NO;
				CLANG_ANALYZER_NONNULL = YES;
				CLANG_ANALYZER_NUMBER_OBJECT_CONVERSION = YES_AGGRESSIVE;
				CLANG_CXX_LANGUAGE_STANDARD = "gnu++14";
				CLANG_CXX_LIBRARY = "libc++";
				CLANG_ENABLE_MODULES = YES;
				CLANG_ENABLE_OBJC_ARC = YES;
				CLANG_WARN_BLOCK_CAPTURE_AUTORELEASING = YES;
				CLANG_WARN_BOOL_CONVERSION = YES;
				CLANG_WARN_COMMA = YES;
				CLANG_WARN_CONSTANT_CONVERSION = YES;
				CLANG_WARN_DIRECT_OBJC_ISA_USAGE = YES_ERROR;
				CLANG_WARN_DOCUMENTATION_COMMENTS = YES;
				CLANG_WARN_EMPTY_BODY = YES;
				CLANG_WARN_ENUM_CONVERSION = YES;
				CLANG_WARN_INFINITE_RECURSION = YES;
				CLANG_WARN_INT_CONVERSION = YES;
				CLANG_WARN_NON_LITERAL_NULL_CONVERSION = YES;
				CLANG_WARN_OBJC_LITERAL_CONVERSION = YES;
				CLANG_WARN_OBJC_ROOT_CLASS = YES_ERROR;
				CLANG_WARN_RANGE_LOOP_ANALYSIS = YES;
				CLANG_WARN_STRICT_PROTOTYPES = YES;
				CLANG_WARN_SUSPICIOUS_MOVE = YES;
				CLANG_WARN_UNGUARDED_AVAILABILITY = YES_AGGRESSIVE;
				CLANG_WARN_UNREACHABLE_CODE = YES;
				CLANG_WARN__DUPLICATE_METHOD_MATCH = YES;
				CODE_SIGN_IDENTITY = "iPhone Developer";
				COPY_PHASE_STRIP = NO;
				DEBUG_INFORMATION_FORMAT = dwarf;
				ENABLE_STRICT_OBJC_MSGSEND = YES;
				ENABLE_TESTABILITY = YES;
				GCC_C_LANGUAGE_STANDARD = gnu11;
				GCC_DYNAMIC_NO_PIC = NO;
				GCC_NO_COMMON_BLOCKS = YES;
				GCC_OPTIMIZATION_LEVEL = 0;
				GCC_PREPROCESSOR_DEFINITIONS = (
					"DEBUG=1",
					"$(inherited)",
				);
				GCC_WARN_64_TO_32_BIT_CONVERSION = YES;
				GCC_WARN_ABOUT_RETURN_TYPE = YES_ERROR;
				GCC_WARN_UNDECLARED_SELECTOR = YES;
				GCC_WARN_UNINITIALIZED_AUTOS = YES_AGGRESSIVE;
				GCC_WARN_UNUSED_FUNCTION = YES;
				GCC_WARN_UNUSED_VARIABLE = YES;
				IPHONEOS_DEPLOYMENT_TARGET = 11.2;
				MTL_ENABLE_DEBUG_INFO = YES;
				ONLY_ACTIVE_ARCH = YES;
				SDKROOT = iphoneos;
			};
			name = Debug;
		};
		8DCE187C2014822700EAFE70 /* Release */ = {
			isa = XCBuildConfiguration;
			buildSettings = {
				ALWAYS_SEARCH_USER_PATHS = NO;
				CLANG_ANALYZER_NONNULL = YES;
				CLANG_ANALYZER_NUMBER_OBJECT_CONVERSION = YES_AGGRESSIVE;
				CLANG_CXX_LANGUAGE_STANDARD = "gnu++14";
				CLANG_CXX_LIBRARY = "libc++";
				CLANG_ENABLE_MODULES = YES;
				CLANG_ENABLE_OBJC_ARC = YES;
				CLANG_WARN_BLOCK_CAPTURE_AUTORELEASING = YES;
				CLANG_WARN_BOOL_CONVERSION = YES;
				CLANG_WARN_COMMA = YES;
				CLANG_WARN_CONSTANT_CONVERSION = YES;
				CLANG_WARN_DIRECT_OBJC_ISA_USAGE = YES_ERROR;
				CLANG_WARN_DOCUMENTATION_COMMENTS = YES;
				CLANG_WARN_EMPTY_BODY = YES;
				CLANG_WARN_ENUM_CONVERSION = YES;
				CLANG_WARN_INFINITE_RECURSION = YES;
				CLANG_WARN_INT_CONVERSION = YES;
				CLANG_WARN_NON_LITERAL_NULL_CONVERSION = YES;
				CLANG_WARN_OBJC_LITERAL_CONVERSION = YES;
				CLANG_WARN_OBJC_ROOT_CLASS = YES_ERROR;
				CLANG_WARN_RANGE_LOOP_ANALYSIS = YES;
				CLANG_WARN_STRICT_PROTOTYPES = YES;
				CLANG_WARN_SUSPICIOUS_MOVE = YES;
				CLANG_WARN_UNGUARDED_AVAILABILITY = YES_AGGRESSIVE;
				CLANG_WARN_UNREACHABLE_CODE = YES;
				CLANG_WARN__DUPLICATE_METHOD_MATCH = YES;
				CODE_SIGN_IDENTITY = "iPhone Developer";
				COPY_PHASE_STRIP = NO;
				DEBUG_INFORMATION_FORMAT = "dwarf-with-dsym";
				ENABLE_NS_ASSERTIONS = NO;
				ENABLE_STRICT_OBJC_MSGSEND = YES;
				GCC_C_LANGUAGE_STANDARD = gnu11;
				GCC_NO_COMMON_BLOCKS = YES;
				GCC_WARN_64_TO_32_BIT_CONVERSION = YES;
				GCC_WARN_ABOUT_RETURN_TYPE = YES_ERROR;
				GCC_WARN_UNDECLARED_SELECTOR = YES;
				GCC_WARN_UNINITIALIZED_AUTOS = YES_AGGRESSIVE;
				GCC_WARN_UNUSED_FUNCTION = YES;
				GCC_WARN_UNUSED_VARIABLE = YES;
				IPHONEOS_DEPLOYMENT_TARGET = 11.2;
				MTL_ENABLE_DEBUG_INFO = NO;
				SDKROOT = iphoneos;
				VALIDATE_PRODUCT = YES;
			};
			name = Release;
		};
		8DCE187E2014822700EAFE70 /* Debug */ = {
			isa = XCBuildConfiguration;
			buildSettings = {
				ASSETCATALOG_COMPILER_APPICON_NAME = AppIcon;
				CODE_SIGN_STYLE = Automatic;
				DEVELOPMENT_TEAM = 48E3LB8PD7;
				INFOPLIST_FILE = JJTableView_demo2/Info.plist;
				LD_RUNPATH_SEARCH_PATHS = "$(inherited) @executable_path/Frameworks";
				PRODUCT_BUNDLE_IDENTIFIER = "com.daoKeLegend.cn.JJTableView-demo2";
				PRODUCT_NAME = "$(TARGET_NAME)";
				TARGETED_DEVICE_FAMILY = "1,2";
			};
			name = Debug;
		};
		8DCE187F2014822700EAFE70 /* Release */ = {
			isa = XCBuildConfiguration;
			buildSettings = {
				ASSETCATALOG_COMPILER_APPICON_NAME = AppIcon;
				CODE_SIGN_STYLE = Automatic;
				DEVELOPMENT_TEAM = 48E3LB8PD7;
				INFOPLIST_FILE = JJTableView_demo2/Info.plist;
				LD_RUNPATH_SEARCH_PATHS = "$(inherited) @executable_path/Frameworks";
				PRODUCT_BUNDLE_IDENTIFIER = "com.daoKeLegend.cn.JJTableView-demo2";
				PRODUCT_NAME = "$(TARGET_NAME)";
				TARGETED_DEVICE_FAMILY = "1,2";
			};
			name = Release;
		};
/* End XCBuildConfiguration section */

/* Begin XCConfigurationList section */
		8DCE18622014822600EAFE70 /* Build configuration list for PBXProject "JJTableView_demo2" */ = {
			isa = XCConfigurationList;
			buildConfigurations = (
				8DCE187B2014822700EAFE70 /* Debug */,
				8DCE187C2014822700EAFE70 /* Release */,
			);
			defaultConfigurationIsVisible = 0;
			defaultConfigurationName = Release;
		};
		8DCE187D2014822700EAFE70 /* Build configuration list for PBXNativeTarget "JJTableView_demo2" */ = {
			isa = XCConfigurationList;
			buildConfigurations = (
				8DCE187E2014822700EAFE70 /* Debug */,
				8DCE187F2014822700EAFE70 /* Release */,
			);
			defaultConfigurationIsVisible = 0;
			defaultConfigurationName = Release;
		};
/* End XCConfigurationList section */
	};
	rootObject = 8DCE185F2014822600EAFE70 /* Project object */;
}
